
Microsoft Visual Studio Solution File, Format Version 12.00
# Visual Studio 2015
Project("{FAE04EC0-301F-11D3-BF4B-00C04F79EFBC}") = "JoinTheLines", "JoinTheLines.csproj", "{22B62C15-62C6-07D5-9755-3FBEF335595C}"
EndProject
Project("{FAE04EC0-301F-11D3-BF4B-00C04F79EFBC}") = "JoinTheLines.Editor", "JoinTheLines.Editor.csproj", "{4D73BE7B-BFB0-B282-A9A5-90EA8D135FC6}"
EndProject
Global
	GlobalSection(SolutionConfigurationPlatforms) = preSolution
		Debug|Any CPU = Debug|Any CPU
		Release|Any CPU = Release|Any CPU
	EndGlobalSection
	GlobalSection(ProjectConfigurationPlatforms) = postSolution
		{22B62C15-62C6-07D5-9755-3FBEF335595C}.Debug|Any CPU.ActiveCfg = Debug|Any CPU
		{22B62C15-62C6-07D5-9755-3FBEF335595C}.Debug|Any CPU.Build.0 = Debug|Any CPU
		{22B62C15-62C6-07D5-9755-3FBEF335595C}.Release|Any CPU.ActiveCfg = Release|Any CPU
		{22B62C15-62C6-07D5-9755-3FBEF335595C}.Release|Any CPU.Build.0 = Release|Any CPU
		{4D73BE7B-BFB0-B282-A9A5-90EA8D135FC6}.Debug|Any CPU.ActiveCfg = Debug|Any CPU
		{4D73BE7B-BFB0-B282-A9A5-90EA8D135FC6}.Debug|Any CPU.Build.0 = Debug|Any CPU
		{4D73BE7B-BFB0-B282-A9A5-90EA8D135FC6}.Release|Any CPU.ActiveCfg = Release|Any CPU
		{4D73BE7B-BFB0-B282-A9A5-90EA8D135FC6}.Release|Any CPU.Build.0 = Release|Any CPU
	EndGlobalSection
	GlobalSection(SolutionProperties) = preSolution
		HideSolutionNode = FALSE
	EndGlobalSection
EndGlobal
